
Microsoft Visual Studio Solution File, Format Version 12.00
# Visual Studio Version 16
VisualStudioVersion = 16.0.32630.194
MinimumVisualStudioVersion = 10.0.40219.1
Project("{9A19103F-16F7-4668-BE54-9A1E7A4F7556}") = "PhoneBook_ASP.NET_Core_App", "PhoneBook_ASP.NET_Core_App.csproj", "{4ECE7DDE-4BFD-4CCB-A9E9-2A88EA742A61}"
EndProject
Global
	GlobalSection(SolutionConfigurationPlatforms) = preSolution
		Debug|Any CPU = Debug|Any CPU
		Release|Any CPU = Release|Any CPU
	EndGlobalSection
	GlobalSection(ProjectConfigurationPlatforms) = postSolution
		{4ECE7DDE-4BFD-4CCB-A9E9-2A88EA742A61}.Debug|Any CPU.ActiveCfg = Debug|Any CPU
		{4ECE7DDE-4BFD-4CCB-A9E9-2A88EA742A61}.Debug|Any CPU.Build.0 = Debug|Any CPU
		{4ECE7DDE-4BFD-4CCB-A9E9-2A88EA742A61}.Release|Any CPU.ActiveCfg = Release|Any CPU
		{4ECE7DDE-4BFD-4CCB-A9E9-2A88EA742A61}.Release|Any CPU.Build.0 = Release|Any CPU
	EndGlobalSection
	GlobalSection(SolutionProperties) = preSolution
		HideSolutionNode = FALSE
	EndGlobalSection
	GlobalSection(ExtensibilityGlobals) = postSolution
		SolutionGuid = {EF51BCC9-CCA3-41D1-996E-4DACDC0D4E17}
	EndGlobalSection
EndGlobal
